
Microsoft Visual Studio Solution File, Format Version 12.00
# Visual Studio 2012
Project("{FAE04EC0-301F-11D3-BF4B-00C04F79EFBC}") = "AdformTrackingBindingAndroid", "AdformTrackingBindingAndroid\AdformTrackingBindingAndroid.csproj", "{5FBA80F5-E124-463F-AAE7-65D08EE38EDC}"
EndProject
Project("{FAE04EC0-301F-11D3-BF4B-00C04F79EFBC}") = "TestBinding", "TestBinding\TestBinding.csproj", "{06065767-08C9-4D99-99A8-CC6016E08DE1}"
EndProject
Global
	GlobalSection(SolutionConfigurationPlatforms) = preSolution
		Debug|Any CPU = Debug|Any CPU
		Release|Any CPU = Release|Any CPU
	EndGlobalSection
	GlobalSection(ProjectConfigurationPlatforms) = postSolution
		{06065767-08C9-4D99-99A8-CC6016E08DE1}.Debug|Any CPU.ActiveCfg = Debug|Any CPU
		{06065767-08C9-4D99-99A8-CC6016E08DE1}.Debug|Any CPU.Build.0 = Debug|Any CPU
		{06065767-08C9-4D99-99A8-CC6016E08DE1}.Release|Any CPU.ActiveCfg = Release|Any CPU
		{06065767-08C9-4D99-99A8-CC6016E08DE1}.Release|Any CPU.Build.0 = Release|Any CPU
		{5FBA80F5-E124-463F-AAE7-65D08EE38EDC}.Debug|Any CPU.ActiveCfg = Debug|Any CPU
		{5FBA80F5-E124-463F-AAE7-65D08EE38EDC}.Debug|Any CPU.Build.0 = Debug|Any CPU
		{5FBA80F5-E124-463F-AAE7-65D08EE38EDC}.Release|Any CPU.ActiveCfg = Release|Any CPU
		{5FBA80F5-E124-463F-AAE7-65D08EE38EDC}.Release|Any CPU.Build.0 = Release|Any CPU
	EndGlobalSection
EndGlobal
